// !$*UTF8*$!
{
	archiveVersion = 1;
	classes = {
	};
	objectVersion = 46;
	objects = {

/* Begin PBXBuildFile section */
		193BBF1017971D4A004C3ABA /* UIKit.framework in Frameworks */ = {isa = PBXBuildFile; fileRef = 193BBF0F17971D4A004C3ABA /* UIKit.framework */; };
		193BBF1217971D4A004C3ABA /* Foundation.framework in Frameworks */ = {isa = PBXBuildFile; fileRef = 193BBF1117971D4A004C3ABA /* Foundation.framework */; };
		193BBF1417971D4A004C3ABA /* CoreGraphics.framework in Frameworks */ = {isa = PBXBuildFile; fileRef = 193BBF1317971D4A004C3ABA /* CoreGraphics.framework */; };
		193BBF1A17971D4A004C3ABA /* InfoPlist.strings in Resources */ = {isa = PBXBuildFile; fileRef = 193BBF1817971D4A004C3ABA /* InfoPlist.strings */; };
		193BBF1C17971D4A004C3ABA /* main.m in Sources */ = {isa = PBXBuildFile; fileRef = 193BBF1B17971D4A004C3ABA /* main.m */; };
		193BBF2017971D4A004C3ABA /* AppDelegate.m in Sources */ = {isa = PBXBuildFile; fileRef = 193BBF1F17971D4A004C3ABA /* AppDelegate.m */; };
		193BBF2217971D4A004C3ABA /* Default.png in Resources */ = {isa = PBXBuildFile; fileRef = 193BBF2117971D4A004C3ABA /* Default.png */; };
		193BBF2417971D4A004C3ABA /* Default@2x.png in Resources */ = {isa = PBXBuildFile; fileRef = 193BBF2317971D4A004C3ABA /* Default@2x.png */; };
		193BBF2617971D4A004C3ABA /* Default-568h@2x.png in Resources */ = {isa = PBXBuildFile; fileRef = 193BBF2517971D4A004C3ABA /* Default-568h@2x.png */; };
		193BBF2917971D4A004C3ABA /* MainStoryboard.storyboard in Resources */ = {isa = PBXBuildFile; fileRef = 193BBF2717971D4A004C3ABA /* MainStoryboard.storyboard */; };
		193BBF2C17971D4A004C3ABA /* ViewController.m in Sources */ = {isa = PBXBuildFile; fileRef = 193BBF2B17971D4A004C3ABA /* ViewController.m */; };
/* End PBXBuildFile section */

/* Begin PBXFileReference section */
		193BBF0C17971D4A004C3ABA /* HelloWorldDemo.app */ = {isa = PBXFileReference; explicitFileType = wrapper.application; includeInIndex = 0; path = HelloWorldDemo.app; sourceTree = BUILT_PRODUCTS_DIR; };
		193BBF0F17971D4A004C3ABA /* UIKit.framework */ = {isa = PBXFileReference; lastKnownFileType = wrapper.framework; name = UIKit.framework; path = System/Library/Frameworks/UIKit.framework; sourceTree = SDKROOT; };
		193BBF1117971D4A004C3ABA /* Foundation.framework */ = {isa = PBXFileReference; lastKnownFileType = wrapper.framework; name = Foundation.framework; path = System/Library/Frameworks/Foundation.framework; sourceTree = SDKROOT; };
		193BBF1317971D4A004C3ABA /* CoreGraphics.framework */ = {isa = PBXFileReference; lastKnownFileType = wrapper.framework; name = CoreGraphics.framework; path = System/Library/Frameworks/CoreGraphics.framework; sourceTree = SDKROOT; };
		193BBF1717971D4A004C3ABA /* HelloWorldDemo-Info.plist */ = {isa = PBXFileReference; lastKnownFileType = text.plist.xml; path = "HelloWorldDemo-Info.plist"; sourceTree = "<group>"; };
		193BBF1917971D4A004C3ABA /* en */ = {isa = PBXFileReference; lastKnownFileType = text.plist.strings; name = en; path = en.lproj/InfoPlist.strings; sourceTree = "<group>"; };
		193BBF1B17971D4A004C3ABA /* main.m */ = {isa = PBXFileReference; lastKnownFileType = sourcecode.c.objc; path = main.m; sourceTree = "<group>"; };
		193BBF1D17971D4A004C3ABA /* HelloWorldDemo-Prefix.pch */ = {isa = PBXFileReference; lastKnownFileType = sourcecode.c.h; path = "HelloWorldDemo-Prefix.pch"; sourceTree = "<group>"; };
		193BBF1E17971D4A004C3ABA /* AppDelegate.h */ = {isa = PBXFileReference; lastKnownFileType = sourcecode.c.h; path = AppDelegate.h; sourceTree = "<group>"; };
		193BBF1F17971D4A004C3ABA /* AppDelegate.m */ = {isa = PBXFileReference; lastKnownFileType = sourcecode.c.objc; path = AppDelegate.m; sourceTree = "<group>"; };
		193BBF2117971D4A004C3ABA /* Default.png */ = {isa = PBXFileReference; lastKnownFileType = image.png; path = Default.png; sourceTree = "<group>"; };
		193BBF2317971D4A004C3ABA /* Default@2x.png */ = {isa = PBXFileReference; lastKnownFileType = image.png; path = "Default@2x.png"; sourceTree = "<group>"; };
		193BBF2517971D4A004C3ABA /* Default-568h@2x.png */ = {isa = PBXFileReference; lastKnownFileType = image.png; path = "Default-568h@2x.png"; sourceTree = "<group>"; };
		193BBF2817971D4A004C3ABA /* en */ = {isa = PBXFileReference; lastKnownFileType = file.storyboard; name = en; path = en.lproj/MainStoryboard.storyboard; sourceTree = "<group>"; };
		193BBF2A17971D4A004C3ABA /* ViewController.h */ = {isa = PBXFileReference; lastKnownFileType = sourcecode.c.h; path = ViewController.h; sourceTree = "<group>"; };
		193BBF2B17971D4A004C3ABA /* ViewController.m */ = {isa = PBXFileReference; lastKnownFileType = sourcecode.c.objc; path = ViewController.m; sourceTree = "<group>"; };
/* End PBXFileReference section */

/* Begin PBXFrameworksBuildPhase section */
		193BBF0917971D4A004C3ABA /* Frameworks */ = {
			isa = PBXFrameworksBuildPhase;
			buildActionMask = 2147483647;
			files = (
				193BBF1017971D4A004C3ABA /* UIKit.framework in Frameworks */,
				193BBF1217971D4A004C3ABA /* Foundation.framework in Frameworks */,
				193BBF1417971D4A004C3ABA /* CoreGraphics.framework in Frameworks */,
			);
			runOnlyForDeploymentPostprocessing = 0;
		};
/* End PBXFrameworksBuildPhase section */

/* Begin PBXGroup section */
		193BBF0317971D4A004C3ABA = {
			isa = PBXGroup;
			children = (
				193BBF1517971D4A004C3ABA /* HelloWorldDemo */,
				193BBF0E17971D4A004C3ABA /* Frameworks */,
				193BBF0D17971D4A004C3ABA /* Products */,
			);
			sourceTree = "<group>";
		};
		193BBF0D17971D4A004C3ABA /* Products */ = {
			isa = PBXGroup;
			children = (
				193BBF0C17971D4A004C3ABA /* HelloWorldDemo.app */,
			);
			name = Products;
			sourceTree = "<group>";
		};
		193BBF0E17971D4A004C3ABA /* Frameworks */ = {
			isa = PBXGroup;
			children = (
				193BBF0F17971D4A004C3ABA /* UIKit.framework */,
				193BBF1117971D4A004C3ABA /* Foundation.framework */,
				193BBF1317971D4A004C3ABA /* CoreGraphics.framework */,
			);
			name = Frameworks;
			sourceTree = "<group>";
		};
		193BBF1517971D4A004C3ABA /* HelloWorldDemo */ = {
			isa = PBXGroup;
			children = (
				193BBF1E17971D4A004C3ABA /* AppDelegate.h */,
				193BBF1F17971D4A004C3ABA /* AppDelegate.m */,
				193BBF2717971D4A004C3ABA /* MainStoryboard.storyboard */,
				193BBF2A17971D4A004C3ABA /* ViewController.h */,
				193BBF2B17971D4A004C3ABA /* ViewController.m */,
				193BBF1617971D4A004C3ABA /* Supporting Files */,
			);
			path = HelloWorldDemo;
			sourceTree = "<group>";
		};
		193BBF1617971D4A004C3ABA /* Supporting Files */ = {
			isa = PBXGroup;
			children = (
				193BBF1717971D4A004C3ABA /* HelloWorldDemo-Info.plist */,
				193BBF1817971D4A004C3ABA /* InfoPlist.strings */,
				193BBF1B17971D4A004C3ABA /* main.m */,
				193BBF1D17971D4A004C3ABA /* HelloWorldDemo-Prefix.pch */,
				193BBF2117971D4A004C3ABA /* Default.png */,
				193BBF2317971D4A004C3ABA /* Default@2x.png */,
				193BBF2517971D4A004C3ABA /* Default-568h@2x.png */,
			);
			name = "Supporting Files";
			sourceTree = "<group>";
		};
/* End PBXGroup section */

/* Begin PBXNativeTarget section */
		193BBF0B17971D4A004C3ABA /* HelloWorldDemo */ = {
			isa = PBXNativeTarget;
			buildConfigurationList = 193BBF2F17971D4A004C3ABA /* Build configuration list for PBXNativeTarget "HelloWorldDemo" */;
			buildPhases = (
				193BBF0817971D4A004C3ABA /* Sources */,
				193BBF0917971D4A004C3ABA /* Frameworks */,
				193BBF0A17971D4A004C3ABA /* Resources */,
			);
			buildRules = (
			);
			dependencies = (
			);
			name = HelloWorldDemo;
			productName = HelloWorldDemo;
			productReference = 193BBF0C17971D4A004C3ABA /* HelloWorldDemo.app */;
			productType = "com.apple.product-type.application";
		};
/* End PBXNativeTarget section */

/* Begin PBXProject section */
		193BBF0417971D4A004C3ABA /* Project object */ = {
			isa = PBXProject;
			attributes = {
				LastUpgradeCheck = 0460;
				ORGANIZATIONNAME = EnSoft;
			};
			buildConfigurationList = 193BBF0717971D4A004C3ABA /* Build configuration list for PBXProject "HelloWorldDemo" */;
			compatibilityVersion = "Xcode 3.2";
			developmentRegion = English;
			hasScannedForEncodings = 0;
			knownRegions = (
				en,
			);
			mainGroup = 193BBF0317971D4A004C3ABA;
			productRefGroup = 193BBF0D17971D4A004C3ABA /* Products */;
			projectDirPath = "";
			projectRoot = "";
			targets = (
				193BBF0B17971D4A004C3ABA /* HelloWorldDemo */,
			);
		};
/* End PBXProject section */

/* Begin PBXResourcesBuildPhase section */
		193BBF0A17971D4A004C3ABA /* Resources */ = {
			isa = PBXResourcesBuildPhase;
			buildActionMask = 2147483647;
			files = (
				193BBF1A17971D4A004C3ABA /* InfoPlist.strings in Resources */,
				193BBF2217971D4A004C3ABA /* Default.png in Resources */,
				193BBF2417971D4A004C3ABA /* Default@2x.png in Resources */,
				193BBF2617971D4A004C3ABA /* Default-568h@2x.png in Resources */,
				193BBF2917971D4A004C3ABA /* MainStoryboard.storyboard in Resources */,
			);
			runOnlyForDeploymentPostprocessing = 0;
		};
/* End PBXResourcesBuildPhase section */

/* Begin PBXSourcesBuildPhase section */
		193BBF0817971D4A004C3ABA /* Sources */ = {
			isa = PBXSourcesBuildPhase;
			buildActionMask = 2147483647;
			files = (
				193BBF1C17971D4A004C3ABA /* main.m in Sources */,
				193BBF2017971D4A004C3ABA /* AppDelegate.m in Sources */,
				193BBF2C17971D4A004C3ABA /* ViewController.m in Sources */,
			);
			runOnlyForDeploymentPostprocessing = 0;
		};
/* End PBXSourcesBuildPhase section */

/* Begin PBXVariantGroup section */
		193BBF1817971D4A004C3ABA /* InfoPlist.strings */ = {
			isa = PBXVariantGroup;
			children = (
				193BBF1917971D4A004C3ABA /* en */,
			);
			name = InfoPlist.strings;
			sourceTree = "<group>";
		};
		193BBF2717971D4A004C3ABA /* MainStoryboard.storyboard */ = {
			isa = PBXVariantGroup;
			children = (
				193BBF2817971D4A004C3ABA /* en */,
			);
			name = MainStoryboard.storyboard;
			sourceTree = "<group>";
		};
/* End PBXVariantGroup section */

/* Begin XCBuildConfiguration section */
		193BBF2D17971D4A004C3ABA /* Debug */ = {
			isa = XCBuildConfiguration;
			buildSettings = {
				ALWAYS_SEARCH_USER_PATHS = NO;
				CLANG_CXX_LANGUAGE_STANDARD = "gnu++0x";
				CLANG_CXX_LIBRARY = "libc++";
				CLANG_ENABLE_OBJC_ARC = YES;
				CLANG_WARN_CONSTANT_CONVERSION = YES;
				CLANG_WARN_EMPTY_BODY = YES;
				CLANG_WARN_ENUM_CONVERSION = YES;
				CLANG_WARN_INT_CONVERSION = YES;
				CLANG_WARN__DUPLICATE_METHOD_MATCH = YES;
				"CODE_SIGN_IDENTITY[sdk=iphoneos*]" = "iPhone Developer";
				COPY_PHASE_STRIP = NO;
				GCC_C_LANGUAGE_STANDARD = gnu99;
				GCC_DYNAMIC_NO_PIC = NO;
				GCC_OPTIMIZATION_LEVEL = 0;
				GCC_PREPROCESSOR_DEFINITIONS = (
					"DEBUG=1",
					"$(inherited)",
				);
				GCC_SYMBOLS_PRIVATE_EXTERN = NO;
				GCC_WARN_ABOUT_RETURN_TYPE = YES;
				GCC_WARN_UNINITIALIZED_AUTOS = YES;
				GCC_WARN_UNUSED_VARIABLE = YES;
				IPHONEOS_DEPLOYMENT_TARGET = 6.1;
				ONLY_ACTIVE_ARCH = YES;
				SDKROOT = iphoneos;
			};
			name = Debug;
		};
		193BBF2E17971D4A004C3ABA /* Release */ = {
			isa = XCBuildConfiguration;
			buildSettings = {
				ALWAYS_SEARCH_USER_PATHS = NO;
				CLANG_CXX_LANGUAGE_STANDARD = "gnu++0x";
				CLANG_CXX_LIBRARY = "libc++";
				CLANG_ENABLE_OBJC_ARC = YES;
				CLANG_WARN_CONSTANT_CONVERSION = YES;
				CLANG_WARN_EMPTY_BODY = YES;
				CLANG_WARN_ENUM_CONVERSION = YES;
				CLANG_WARN_INT_CONVERSION = YES;
				CLANG_WARN__DUPLICATE_METHOD_MATCH = YES;
				"CODE_SIGN_IDENTITY[sdk=iphoneos*]" = "iPhone Developer";
				COPY_PHASE_STRIP = YES;
				GCC_C_LANGUAGE_STANDARD = gnu99;
				GCC_WARN_ABOUT_RETURN_TYPE = YES;
				GCC_WARN_UNINITIALIZED_AUTOS = YES;
				GCC_WARN_UNUSED_VARIABLE = YES;
				IPHONEOS_DEPLOYMENT_TARGET = 6.1;
				OTHER_CFLAGS = "-DNS_BLOCK_ASSERTIONS=1";
				SDKROOT = iphoneos;
				VALIDATE_PRODUCT = YES;
			};
			name = Release;
		};
		193BBF3017971D4A004C3ABA /* Debug */ = {
			isa = XCBuildConfiguration;
			buildSettings = {
				GCC_PRECOMPILE_PREFIX_HEADER = YES;
				GCC_PREFIX_HEADER = "HelloWorldDemo/HelloWorldDemo-Prefix.pch";
				INFOPLIST_FILE = "HelloWorldDemo/HelloWorldDemo-Info.plist";
				PRODUCT_NAME = "$(TARGET_NAME)";
				WRAPPER_EXTENSION = app;
			};
			name = Debug;
		};
		193BBF3117971D4A004C3ABA /* Release */ = {
			isa = XCBuildConfiguration;
			buildSettings = {
				GCC_PRECOMPILE_PREFIX_HEADER = YES;
				GCC_PREFIX_HEADER = "HelloWorldDemo/HelloWorldDemo-Prefix.pch";
				INFOPLIST_FILE = "HelloWorldDemo/HelloWorldDemo-Info.plist";
				PRODUCT_NAME = "$(TARGET_NAME)";
				WRAPPER_EXTENSION = app;
			};
			name = Release;
		};
/* End XCBuildConfiguration section */

/* Begin XCConfigurationList section */
		193BBF0717971D4A004C3ABA /* Build configuration list for PBXProject "HelloWorldDemo" */ = {
			isa = XCConfigurationList;
			buildConfigurations = (
				193BBF2D17971D4A004C3ABA /* Debug */,
				193BBF2E17971D4A004C3ABA /* Release */,
			);
			defaultConfigurationIsVisible = 0;
			defaultConfigurationName = Release;
		};
		193BBF2F17971D4A004C3ABA /* Build configuration list for PBXNativeTarget "HelloWorldDemo" */ = {
			isa = XCConfigurationList;
			buildConfigurations = (
				193BBF3017971D4A004C3ABA /* Debug */,
				193BBF3117971D4A004C3ABA /* Release */,
			);
			defaultConfigurationIsVisible = 0;
		};
/* End XCConfigurationList section */
	};
	rootObject = 193BBF0417971D4A004C3ABA /* Project object */;
}
